
Microsoft Visual Studio Solution File, Format Version 12.00
# Visual Studio Version 17
VisualStudioVersion = 17.7.34024.191
MinimumVisualStudioVersion = 10.0.40219.1
Project("{FAE04EC0-301F-11D3-BF4B-00C04F79EFBC}") = "WpfApp2", "WpfApp2\WpfApp2.csproj", "{8D91CAE6-36B1-4CC6-9257-0DD8AC67701E}"
EndProject
Global
	GlobalSection(SolutionConfigurationPlatforms) = preSolution
		Debug|Any CPU = Debug|Any CPU
		Release|Any CPU = Release|Any CPU
	EndGlobalSection
	GlobalSection(ProjectConfigurationPlatforms) = postSolution
		{8D91CAE6-36B1-4CC6-9257-0DD8AC67701E}.Debug|Any CPU.ActiveCfg = Debug|Any CPU
		{8D91CAE6-36B1-4CC6-9257-0DD8AC67701E}.Debug|Any CPU.Build.0 = Debug|Any CPU
		{8D91CAE6-36B1-4CC6-9257-0DD8AC67701E}.Release|Any CPU.ActiveCfg = Release|Any CPU
		{8D91CAE6-36B1-4CC6-9257-0DD8AC67701E}.Release|Any CPU.Build.0 = Release|Any CPU
	EndGlobalSection
	GlobalSection(SolutionProperties) = preSolution
		HideSolutionNode = FALSE
	EndGlobalSection
	GlobalSection(ExtensibilityGlobals) = postSolution
		SolutionGuid = {A60B4BB5-6EF4-4CE4-B810-FBA83264A35F}
	EndGlobalSection
EndGlobal
